
Microsoft Visual Studio Solution File, Format Version 12.00
# Visual Studio Version 17
VisualStudioVersion = 17.3.32929.385
MinimumVisualStudioVersion = 10.0.40219.1
Project("{9A19103F-16F7-4668-BE54-9A1E7A4F7556}") = "repositories", "repositories\repositories.csproj", "{C3AB0A65-EF60-41FB-AB31-A5E7001B5FD7}"
EndProject
Project("{9A19103F-16F7-4668-BE54-9A1E7A4F7556}") = "DBcontext", "DBcontext\DBcontext.csproj", "{76F32EB5-4BEB-44A3-A378-C10188BE8140}"
EndProject
Project("{9A19103F-16F7-4668-BE54-9A1E7A4F7556}") = "Services", "Services\Services.csproj", "{31E428EC-22C8-447A-ACA3-F5DEBF6C7087}"
EndProject
Project("{9A19103F-16F7-4668-BE54-9A1E7A4F7556}") = "common", "common\common.csproj", "{B9E9C77A-E87A-4695-AD33-B12111989261}"
EndProject
Project("{FAE04EC0-301F-11D3-BF4B-00C04F79EFBC}") = "API", "API\API.csproj", "{1CA0709C-506A-4EA7-980E-0B076E908599}"
EndProject
Global
	GlobalSection(SolutionConfigurationPlatforms) = preSolution
		Debug|Any CPU = Debug|Any CPU
		Release|Any CPU = Release|Any CPU
	EndGlobalSection
	GlobalSection(ProjectConfigurationPlatforms) = postSolution
		{C3AB0A65-EF60-41FB-AB31-A5E7001B5FD7}.Debug|Any CPU.ActiveCfg = Debug|Any CPU
		{C3AB0A65-EF60-41FB-AB31-A5E7001B5FD7}.Debug|Any CPU.Build.0 = Debug|Any CPU
		{C3AB0A65-EF60-41FB-AB31-A5E7001B5FD7}.Release|Any CPU.ActiveCfg = Release|Any CPU
		{C3AB0A65-EF60-41FB-AB31-A5E7001B5FD7}.Release|Any CPU.Build.0 = Release|Any CPU
		{76F32EB5-4BEB-44A3-A378-C10188BE8140}.Debug|Any CPU.ActiveCfg = Debug|Any CPU
		{76F32EB5-4BEB-44A3-A378-C10188BE8140}.Debug|Any CPU.Build.0 = Debug|Any CPU
		{76F32EB5-4BEB-44A3-A378-C10188BE8140}.Release|Any CPU.ActiveCfg = Release|Any CPU
		{76F32EB5-4BEB-44A3-A378-C10188BE8140}.Release|Any CPU.Build.0 = Release|Any CPU
		{31E428EC-22C8-447A-ACA3-F5DEBF6C7087}.Debug|Any CPU.ActiveCfg = Debug|Any CPU
		{31E428EC-22C8-447A-ACA3-F5DEBF6C7087}.Debug|Any CPU.Build.0 = Debug|Any CPU
		{31E428EC-22C8-447A-ACA3-F5DEBF6C7087}.Release|Any CPU.ActiveCfg = Release|Any CPU
		{31E428EC-22C8-447A-ACA3-F5DEBF6C7087}.Release|Any CPU.Build.0 = Release|Any CPU
		{B9E9C77A-E87A-4695-AD33-B12111989261}.Debug|Any CPU.ActiveCfg = Debug|Any CPU
		{B9E9C77A-E87A-4695-AD33-B12111989261}.Debug|Any CPU.Build.0 = Debug|Any CPU
		{B9E9C77A-E87A-4695-AD33-B12111989261}.Release|Any CPU.ActiveCfg = Release|Any CPU
		{B9E9C77A-E87A-4695-AD33-B12111989261}.Release|Any CPU.Build.0 = Release|Any CPU
		{1CA0709C-506A-4EA7-980E-0B076E908599}.Debug|Any CPU.ActiveCfg = Debug|Any CPU
		{1CA0709C-506A-4EA7-980E-0B076E908599}.Debug|Any CPU.Build.0 = Debug|Any CPU
		{1CA0709C-506A-4EA7-980E-0B076E908599}.Release|Any CPU.ActiveCfg = Release|Any CPU
		{1CA0709C-506A-4EA7-980E-0B076E908599}.Release|Any CPU.Build.0 = Release|Any CPU
	EndGlobalSection
	GlobalSection(SolutionProperties) = preSolution
		HideSolutionNode = FALSE
	EndGlobalSection
	GlobalSection(ExtensibilityGlobals) = postSolution
		SolutionGuid = {98E4B03B-353A-4563-A0D7-8693FBAE2DDF}
	EndGlobalSection
EndGlobal
